// !$*UTF8*$!
{
	archiveVersion = 1;
	classes = {
	};
	objectVersion = 55;
	objects = {

/* Begin PBXBuildFile section */
		37AC147427EDA78B00456767 /* DetailViewModel.swift in Sources */ = {isa = PBXBuildFile; fileRef = 37AC147327EDA78B00456767 /* DetailViewModel.swift */; };
		37AC147627EDA7A200456767 /* Box.swift in Sources */ = {isa = PBXBuildFile; fileRef = 37AC147527EDA7A200456767 /* Box.swift */; };
		37AC147E27EDAEF600456767 /* Projet_testTests.swift in Sources */ = {isa = PBXBuildFile; fileRef = 37AC147D27EDAEF600456767 /* Projet_testTests.swift */; };
		37AC148D27F0BAEC00456767 /* Coordinator.swift in Sources */ = {isa = PBXBuildFile; fileRef = 37AC148C27F0BAEC00456767 /* Coordinator.swift */; };
		37AC149027F0BBA700456767 /* Storyboarded.swift in Sources */ = {isa = PBXBuildFile; fileRef = 37AC148F27F0BBA700456767 /* Storyboarded.swift */; };
		37AC149227F0BCF100456767 /* MainCoordinator.swift in Sources */ = {isa = PBXBuildFile; fileRef = 37AC149127F0BCF100456767 /* MainCoordinator.swift */; };
		37AC14BE27F4B6CA00456767 /* AlertController.swift in Sources */ = {isa = PBXBuildFile; fileRef = 37AC14BD27F4B6CA00456767 /* AlertController.swift */; };
		37E8A2C727ED023F00EA7032 /* AppDelegate.swift in Sources */ = {isa = PBXBuildFile; fileRef = 37E8A2C627ED023F00EA7032 /* AppDelegate.swift */; };
		37E8A2C927ED023F00EA7032 /* SceneDelegate.swift in Sources */ = {isa = PBXBuildFile; fileRef = 37E8A2C827ED023F00EA7032 /* SceneDelegate.swift */; };
		37E8A2CB27ED023F00EA7032 /* DetailViewController.swift in Sources */ = {isa = PBXBuildFile; fileRef = 37E8A2CA27ED023F00EA7032 /* DetailViewController.swift */; };
		37E8A2CE27ED023F00EA7032 /* Main.storyboard in Resources */ = {isa = PBXBuildFile; fileRef = 37E8A2CC27ED023F00EA7032 /* Main.storyboard */; };
		37E8A2D027ED024200EA7032 /* Assets.xcassets in Resources */ = {isa = PBXBuildFile; fileRef = 37E8A2CF27ED024200EA7032 /* Assets.xcassets */; };
		37E8A2D327ED024200EA7032 /* LaunchScreen.storyboard in Resources */ = {isa = PBXBuildFile; fileRef = 37E8A2D127ED024200EA7032 /* LaunchScreen.storyboard */; };
		37E8A2DF27ED035700EA7032 /* URLSession+GenericCall.swift in Sources */ = {isa = PBXBuildFile; fileRef = 37E8A2DE27ED035600EA7032 /* URLSession+GenericCall.swift */; };
		37E8A2E127ED037B00EA7032 /* NetworkError.swift in Sources */ = {isa = PBXBuildFile; fileRef = 37E8A2E027ED037B00EA7032 /* NetworkError.swift */; };
		37E8A2E327ED039E00EA7032 /* URLEncodable.swift in Sources */ = {isa = PBXBuildFile; fileRef = 37E8A2E227ED039E00EA7032 /* URLEncodable.swift */; };
		37E8A2E527ED03B500EA7032 /* APICalls.swift in Sources */ = {isa = PBXBuildFile; fileRef = 37E8A2E427ED03B500EA7032 /* APICalls.swift */; };
		37E8A2E727ED03FD00EA7032 /* CitiesData.swift in Sources */ = {isa = PBXBuildFile; fileRef = 37E8A2E627ED03FD00EA7032 /* CitiesData.swift */; };
		37E8A2E927ED056800EA7032 /* TableViewController.swift in Sources */ = {isa = PBXBuildFile; fileRef = 37E8A2E827ED056800EA7032 /* TableViewController.swift */; };
		37E8A2EC27ED061900EA7032 /* ListViewModel.swift in Sources */ = {isa = PBXBuildFile; fileRef = 37E8A2EB27ED061900EA7032 /* ListViewModel.swift */; };
		4E13B512DEE952DAFF8BA47E /* Pods_Projet_testTests.framework in Frameworks */ = {isa = PBXBuildFile; fileRef = C6393A6B615203DAC1857CB8 /* Pods_Projet_testTests.framework */; };
		7927BC8176424B1B347D6CB5 /* Pods_Projet_test.framework in Frameworks */ = {isa = PBXBuildFile; fileRef = EF3D4B5220D6A783B3FE02FA /* Pods_Projet_test.framework */; };
/* End PBXBuildFile section */

/* Begin PBXContainerItemProxy section */
		37AC147F27EDAEF600456767 /* PBXContainerItemProxy */ = {
			isa = PBXContainerItemProxy;
			containerPortal = 37E8A2BB27ED023F00EA7032 /* Project object */;
			proxyType = 1;
			remoteGlobalIDString = 37E8A2C227ED023F00EA7032;
			remoteInfo = "Projet test";
		};
/* End PBXContainerItemProxy section */

/* Begin PBXFileReference section */
		190EAB4E6D1757E927B361EF /* Pods-Projet test.debug.xcconfig */ = {isa = PBXFileReference; includeInIndex = 1; lastKnownFileType = text.xcconfig; name = "Pods-Projet test.debug.xcconfig"; path = "Target Support Files/Pods-Projet test/Pods-Projet test.debug.xcconfig"; sourceTree = "<group>"; };
		1C3749AEF7E01AD04B05ECBC /* Pods-Projet testTests.release.xcconfig */ = {isa = PBXFileReference; includeInIndex = 1; lastKnownFileType = text.xcconfig; name = "Pods-Projet testTests.release.xcconfig"; path = "Target Support Files/Pods-Projet testTests/Pods-Projet testTests.release.xcconfig"; sourceTree = "<group>"; };
		37AC147327EDA78B00456767 /* DetailViewModel.swift */ = {isa = PBXFileReference; lastKnownFileType = sourcecode.swift; path = DetailViewModel.swift; sourceTree = "<group>"; };
		37AC147527EDA7A200456767 /* Box.swift */ = {isa = PBXFileReference; lastKnownFileType = sourcecode.swift; path = Box.swift; sourceTree = "<group>"; };
		37AC147B27EDAEF600456767 /* Projet testTests.xctest */ = {isa = PBXFileReference; explicitFileType = wrapper.cfbundle; includeInIndex = 0; path = "Projet testTests.xctest"; sourceTree = BUILT_PRODUCTS_DIR; };
		37AC147D27EDAEF600456767 /* Projet_testTests.swift */ = {isa = PBXFileReference; lastKnownFileType = sourcecode.swift; path = Projet_testTests.swift; sourceTree = "<group>"; };
		37AC148C27F0BAEC00456767 /* Coordinator.swift */ = {isa = PBXFileReference; lastKnownFileType = sourcecode.swift; path = Coordinator.swift; sourceTree = "<group>"; };
		37AC148F27F0BBA700456767 /* Storyboarded.swift */ = {isa = PBXFileReference; lastKnownFileType = sourcecode.swift; path = Storyboarded.swift; sourceTree = "<group>"; };
		37AC149127F0BCF100456767 /* MainCoordinator.swift */ = {isa = PBXFileReference; lastKnownFileType = sourcecode.swift; path = MainCoordinator.swift; sourceTree = "<group>"; };
		37AC14BD27F4B6CA00456767 /* AlertController.swift */ = {isa = PBXFileReference; lastKnownFileType = sourcecode.swift; path = AlertController.swift; sourceTree = "<group>"; };
		37E8A2C327ED023F00EA7032 /* Projet test.app */ = {isa = PBXFileReference; explicitFileType = wrapper.application; includeInIndex = 0; path = "Projet test.app"; sourceTree = BUILT_PRODUCTS_DIR; };
		37E8A2C627ED023F00EA7032 /* AppDelegate.swift */ = {isa = PBXFileReference; lastKnownFileType = sourcecode.swift; path = AppDelegate.swift; sourceTree = "<group>"; };
		37E8A2C827ED023F00EA7032 /* SceneDelegate.swift */ = {isa = PBXFileReference; lastKnownFileType = sourcecode.swift; path = SceneDelegate.swift; sourceTree = "<group>"; };
		37E8A2CA27ED023F00EA7032 /* DetailViewController.swift */ = {isa = PBXFileReference; lastKnownFileType = sourcecode.swift; path = DetailViewController.swift; sourceTree = "<group>"; };
		37E8A2CD27ED023F00EA7032 /* Base */ = {isa = PBXFileReference; lastKnownFileType = file.storyboard; name = Base; path = Base.lproj/Main.storyboard; sourceTree = "<group>"; };
		37E8A2CF27ED024200EA7032 /* Assets.xcassets */ = {isa = PBXFileReference; lastKnownFileType = folder.assetcatalog; path = Assets.xcassets; sourceTree = "<group>"; };
		37E8A2D227ED024200EA7032 /* Base */ = {isa = PBXFileReference; lastKnownFileType = file.storyboard; name = Base; path = Base.lproj/LaunchScreen.storyboard; sourceTree = "<group>"; };
		37E8A2D427ED024200EA7032 /* Info.plist */ = {isa = PBXFileReference; lastKnownFileType = text.plist.xml; path = Info.plist; sourceTree = "<group>"; };
		37E8A2DE27ED035600EA7032 /* URLSession+GenericCall.swift */ = {isa = PBXFileReference; lastKnownFileType = sourcecode.swift; path = "URLSession+GenericCall.swift"; sourceTree = "<group>"; };
		37E8A2E027ED037B00EA7032 /* NetworkError.swift */ = {isa = PBXFileReference; lastKnownFileType = sourcecode.swift; path = NetworkError.swift; sourceTree = "<group>"; };
		37E8A2E227ED039E00EA7032 /* URLEncodable.swift */ = {isa = PBXFileReference; lastKnownFileType = sourcecode.swift; path = URLEncodable.swift; sourceTree = "<group>"; };
		37E8A2E427ED03B500EA7032 /* APICalls.swift */ = {isa = PBXFileReference; lastKnownFileType = sourcecode.swift; path = APICalls.swift; sourceTree = "<group>"; };
		37E8A2E627ED03FD00EA7032 /* CitiesData.swift */ = {isa = PBXFileReference; lastKnownFileType = sourcecode.swift; path = CitiesData.swift; sourceTree = "<group>"; };
		37E8A2E827ED056800EA7032 /* TableViewController.swift */ = {isa = PBXFileReference; lastKnownFileType = sourcecode.swift; path = TableViewController.swift; sourceTree = "<group>"; };
		37E8A2EB27ED061900EA7032 /* ListViewModel.swift */ = {isa = PBXFileReference; lastKnownFileType = sourcecode.swift; path = ListViewModel.swift; sourceTree = "<group>"; };
		6FA13B7A57AD19718366A60A /* Pods-Projet testTests.debug.xcconfig */ = {isa = PBXFileReference; includeInIndex = 1; lastKnownFileType = text.xcconfig; name = "Pods-Projet testTests.debug.xcconfig"; path = "Target Support Files/Pods-Projet testTests/Pods-Projet testTests.debug.xcconfig"; sourceTree = "<group>"; };
		A8A282237A844BA26EECFEFD /* Pods-Projet test.release.xcconfig */ = {isa = PBXFileReference; includeInIndex = 1; lastKnownFileType = text.xcconfig; name = "Pods-Projet test.release.xcconfig"; path = "Target Support Files/Pods-Projet test/Pods-Projet test.release.xcconfig"; sourceTree = "<group>"; };
		C6393A6B615203DAC1857CB8 /* Pods_Projet_testTests.framework */ = {isa = PBXFileReference; explicitFileType = wrapper.framework; includeInIndex = 0; path = Pods_Projet_testTests.framework; sourceTree = BUILT_PRODUCTS_DIR; };
		EF3D4B5220D6A783B3FE02FA /* Pods_Projet_test.framework */ = {isa = PBXFileReference; explicitFileType = wrapper.framework; includeInIndex = 0; path = Pods_Projet_test.framework; sourceTree = BUILT_PRODUCTS_DIR; };
/* End PBXFileReference section */

/* Begin PBXFrameworksBuildPhase section */
		37AC147827EDAEF600456767 /* Frameworks */ = {
			isa = PBXFrameworksBuildPhase;
			buildActionMask = 2147483647;
			files = (
				4E13B512DEE952DAFF8BA47E /* Pods_Projet_testTests.framework in Frameworks */,
			);
			runOnlyForDeploymentPostprocessing = 0;
		};
		37E8A2C027ED023F00EA7032 /* Frameworks */ = {
			isa = PBXFrameworksBuildPhase;
			buildActionMask = 2147483647;
			files = (
				7927BC8176424B1B347D6CB5 /* Pods_Projet_test.framework in Frameworks */,
			);
			runOnlyForDeploymentPostprocessing = 0;
		};
/* End PBXFrameworksBuildPhase section */

/* Begin PBXGroup section */
		127966F449FCC9E8AA1DEFB6 /* Frameworks */ = {
			isa = PBXGroup;
			children = (
				EF3D4B5220D6A783B3FE02FA /* Pods_Projet_test.framework */,
				C6393A6B615203DAC1857CB8 /* Pods_Projet_testTests.framework */,
			);
			name = Frameworks;
			sourceTree = "<group>";
		};
		37AC147C27EDAEF600456767 /* Projet testTests */ = {
			isa = PBXGroup;
			children = (
				37AC147D27EDAEF600456767 /* Projet_testTests.swift */,
			);
			path = "Projet testTests";
			sourceTree = "<group>";
		};
		37AC148E27F0BB9100456767 /* Coordinator */ = {
			isa = PBXGroup;
			children = (
				37AC148C27F0BAEC00456767 /* Coordinator.swift */,
				37AC148F27F0BBA700456767 /* Storyboarded.swift */,
				37AC149127F0BCF100456767 /* MainCoordinator.swift */,
			);
			path = Coordinator;
			sourceTree = "<group>";
		};
		37E8A2BA27ED023F00EA7032 = {
			isa = PBXGroup;
			children = (
				37E8A2C527ED023F00EA7032 /* Projet test */,
				37AC147C27EDAEF600456767 /* Projet testTests */,
				37E8A2C427ED023F00EA7032 /* Products */,
				412187BB3DDE793004000CC6 /* Pods */,
				127966F449FCC9E8AA1DEFB6 /* Frameworks */,
			);
			sourceTree = "<group>";
		};
		37E8A2C427ED023F00EA7032 /* Products */ = {
			isa = PBXGroup;
			children = (
				37E8A2C327ED023F00EA7032 /* Projet test.app */,
				37AC147B27EDAEF600456767 /* Projet testTests.xctest */,
			);
			name = Products;
			sourceTree = "<group>";
		};
		37E8A2C527ED023F00EA7032 /* Projet test */ = {
			isa = PBXGroup;
			children = (
				37AC148E27F0BB9100456767 /* Coordinator */,
				37E8A2DC27ED029200EA7032 /* Controller */,
				37E8A2D427ED024200EA7032 /* Info.plist */,
				37E8A2DB27ED028500EA7032 /* Model */,
				37E8A2DD27ED029F00EA7032 /* Supporting files */,
				37E8A2DA27ED027100EA7032 /* View */,
				37E8A2EA27ED05FE00EA7032 /* View Model */,
			);
			path = "Projet test";
			sourceTree = "<group>";
		};
		37E8A2DA27ED027100EA7032 /* View */ = {
			isa = PBXGroup;
			children = (
				37E8A2CC27ED023F00EA7032 /* Main.storyboard */,
				37E8A2D127ED024200EA7032 /* LaunchScreen.storyboard */,
			);
			path = View;
			sourceTree = "<group>";
		};
		37E8A2DB27ED028500EA7032 /* Model */ = {
			isa = PBXGroup;
			children = (
				37E8A2DE27ED035600EA7032 /* URLSession+GenericCall.swift */,
				37E8A2E027ED037B00EA7032 /* NetworkError.swift */,
				37E8A2E227ED039E00EA7032 /* URLEncodable.swift */,
				37E8A2E427ED03B500EA7032 /* APICalls.swift */,
				37E8A2E627ED03FD00EA7032 /* CitiesData.swift */,
			);
			path = Model;
			sourceTree = "<group>";
		};
		37E8A2DC27ED029200EA7032 /* Controller */ = {
			isa = PBXGroup;
			children = (
				37E8A2E827ED056800EA7032 /* TableViewController.swift */,
				37E8A2CA27ED023F00EA7032 /* DetailViewController.swift */,
				37AC14BD27F4B6CA00456767 /* AlertController.swift */,
			);
			path = Controller;
			sourceTree = "<group>";
		};
		37E8A2DD27ED029F00EA7032 /* Supporting files */ = {
			isa = PBXGroup;
			children = (
				37E8A2C627ED023F00EA7032 /* AppDelegate.swift */,
				37E8A2C827ED023F00EA7032 /* SceneDelegate.swift */,
				37E8A2CF27ED024200EA7032 /* Assets.xcassets */,
			);
			path = "Supporting files";
			sourceTree = "<group>";
		};
		37E8A2EA27ED05FE00EA7032 /* View Model */ = {
			isa = PBXGroup;
			children = (
				37E8A2EB27ED061900EA7032 /* ListViewModel.swift */,
				37AC147327EDA78B00456767 /* DetailViewModel.swift */,
				37AC147527EDA7A200456767 /* Box.swift */,
			);
			path = "View Model";
			sourceTree = "<group>";
		};
		412187BB3DDE793004000CC6 /* Pods */ = {
			isa = PBXGroup;
			children = (
				190EAB4E6D1757E927B361EF /* Pods-Projet test.debug.xcconfig */,
				A8A282237A844BA26EECFEFD /* Pods-Projet test.release.xcconfig */,
				6FA13B7A57AD19718366A60A /* Pods-Projet testTests.debug.xcconfig */,
				1C3749AEF7E01AD04B05ECBC /* Pods-Projet testTests.release.xcconfig */,
			);
			path = Pods;
			sourceTree = "<group>";
		};
/* End PBXGroup section */

/* Begin PBXNativeTarget section */
		37AC147A27EDAEF600456767 /* Projet testTests */ = {
			isa = PBXNativeTarget;
			buildConfigurationList = 37AC148327EDAEF600456767 /* Build configuration list for PBXNativeTarget "Projet testTests" */;
			buildPhases = (
				1947498108272EC2F68ECCA9 /* [CP] Check Pods Manifest.lock */,
				37AC147727EDAEF600456767 /* Sources */,
				37AC147827EDAEF600456767 /* Frameworks */,
				37AC147927EDAEF600456767 /* Resources */,
				B1D14FD8FEC2B28D8C1C396B /* [CP] Embed Pods Frameworks */,
			);
			buildRules = (
			);
			dependencies = (
				37AC148027EDAEF600456767 /* PBXTargetDependency */,
			);
			name = "Projet testTests";
			productName = "Projet testTests";
			productReference = 37AC147B27EDAEF600456767 /* Projet testTests.xctest */;
			productType = "com.apple.product-type.bundle.unit-test";
		};
		37E8A2C227ED023F00EA7032 /* Projet test */ = {
			isa = PBXNativeTarget;
			buildConfigurationList = 37E8A2D727ED024200EA7032 /* Build configuration list for PBXNativeTarget "Projet test" */;
			buildPhases = (
				BF71CC02EBD1DC5E51FB3AEC /* [CP] Check Pods Manifest.lock */,
				37E8A2BF27ED023F00EA7032 /* Sources */,
				37E8A2C027ED023F00EA7032 /* Frameworks */,
				37E8A2C127ED023F00EA7032 /* Resources */,
				DCE1D0A57A7CA2A3F65B2D32 /* [CP] Embed Pods Frameworks */,
			);
			buildRules = (
			);
			dependencies = (
			);
			name = "Projet test";
			productName = "Projet test";
			productReference = 37E8A2C327ED023F00EA7032 /* Projet test.app */;
			productType = "com.apple.product-type.application";
		};
/* End PBXNativeTarget section */

/* Begin PBXProject section */
		37E8A2BB27ED023F00EA7032 /* Project object */ = {
			isa = PBXProject;
			attributes = {
				BuildIndependentTargetsInParallel = 1;
				LastSwiftUpdateCheck = 1330;
				LastUpgradeCheck = 1330;
				TargetAttributes = {
					37AC147A27EDAEF600456767 = {
						CreatedOnToolsVersion = 13.3;
						TestTargetID = 37E8A2C227ED023F00EA7032;
					};
					37E8A2C227ED023F00EA7032 = {
						CreatedOnToolsVersion = 13.3;
					};
				};
			};
			buildConfigurationList = 37E8A2BE27ED023F00EA7032 /* Build configuration list for PBXProject "Projet test" */;
			compatibilityVersion = "Xcode 13.0";
			developmentRegion = en;
			hasScannedForEncodings = 0;
			knownRegions = (
				en,
				Base,
			);
			mainGroup = 37E8A2BA27ED023F00EA7032;
			productRefGroup = 37E8A2C427ED023F00EA7032 /* Products */;
			projectDirPath = "";
			projectRoot = "";
			targets = (
				37E8A2C227ED023F00EA7032 /* Projet test */,
				37AC147A27EDAEF600456767 /* Projet testTests */,
			);
		};
/* End PBXProject section */

/* Begin PBXResourcesBuildPhase section */
		37AC147927EDAEF600456767 /* Resources */ = {
			isa = PBXResourcesBuildPhase;
			buildActionMask = 2147483647;
			files = (
			);
			runOnlyForDeploymentPostprocessing = 0;
		};
		37E8A2C127ED023F00EA7032 /* Resources */ = {
			isa = PBXResourcesBuildPhase;
			buildActionMask = 2147483647;
			files = (
				37E8A2D327ED024200EA7032 /* LaunchScreen.storyboard in Resources */,
				37E8A2D027ED024200EA7032 /* Assets.xcassets in Resources */,
				37E8A2CE27ED023F00EA7032 /* Main.storyboard in Resources */,
			);
			runOnlyForDeploymentPostprocessing = 0;
		};
/* End PBXResourcesBuildPhase section */

/* Begin PBXShellScriptBuildPhase section */
		1947498108272EC2F68ECCA9 /* [CP] Check Pods Manifest.lock */ = {
			isa = PBXShellScriptBuildPhase;
			buildActionMask = 2147483647;
			files = (
			);
			inputFileListPaths = (
			);
			inputPaths = (
				"${PODS_PODFILE_DIR_PATH}/Podfile.lock",
				"${PODS_ROOT}/Manifest.lock",
			);
			name = "[CP] Check Pods Manifest.lock";
			outputFileListPaths = (
			);
			outputPaths = (
				"$(DERIVED_FILE_DIR)/Pods-Projet testTests-checkManifestLockResult.txt",
			);
			runOnlyForDeploymentPostprocessing = 0;
			shellPath = /bin/sh;
			shellScript = "diff \"${PODS_PODFILE_DIR_PATH}/Podfile.lock\" \"${PODS_ROOT}/Manifest.lock\" > /dev/null\nif [ $? != 0 ] ; then\n    # print error to STDERR\n    echo \"error: The sandbox is not in sync with the Podfile.lock. Run 'pod install' or update your CocoaPods installation.\" >&2\n    exit 1\nfi\n# This output is used by Xcode 'outputs' to avoid re-running this script phase.\necho \"SUCCESS\" > \"${SCRIPT_OUTPUT_FILE_0}\"\n";
			showEnvVarsInLog = 0;
		};
		B1D14FD8FEC2B28D8C1C396B /* [CP] Embed Pods Frameworks */ = {
			isa = PBXShellScriptBuildPhase;
			buildActionMask = 2147483647;
			files = (
			);
			inputFileListPaths = (
				"${PODS_ROOT}/Target Support Files/Pods-Projet testTests/Pods-Projet testTests-frameworks-${CONFIGURATION}-input-files.xcfilelist",
			);
			name = "[CP] Embed Pods Frameworks";
			outputFileListPaths = (
				"${PODS_ROOT}/Target Support Files/Pods-Projet testTests/Pods-Projet testTests-frameworks-${CONFIGURATION}-output-files.xcfilelist",
			);
			runOnlyForDeploymentPostprocessing = 0;
			shellPath = /bin/sh;
			shellScript = "\"${PODS_ROOT}/Target Support Files/Pods-Projet testTests/Pods-Projet testTests-frameworks.sh\"\n";
			showEnvVarsInLog = 0;
		};
		BF71CC02EBD1DC5E51FB3AEC /* [CP] Check Pods Manifest.lock */ = {
			isa = PBXShellScriptBuildPhase;
			buildActionMask = 2147483647;
			files = (
			);
			inputFileListPaths = (
			);
			inputPaths = (
				"${PODS_PODFILE_DIR_PATH}/Podfile.lock",
				"${PODS_ROOT}/Manifest.lock",
			);
			name = "[CP] Check Pods Manifest.lock";
			outputFileListPaths = (
			);
			outputPaths = (
				"$(DERIVED_FILE_DIR)/Pods-Projet test-checkManifestLockResult.txt",
			);
			runOnlyForDeploymentPostprocessing = 0;
			shellPath = /bin/sh;
			shellScript = "diff \"${PODS_PODFILE_DIR_PATH}/Podfile.lock\" \"${PODS_ROOT}/Manifest.lock\" > /dev/null\nif [ $? != 0 ] ; then\n    # print error to STDERR\n    echo \"error: The sandbox is not in sync with the Podfile.lock. Run 'pod install' or update your CocoaPods installation.\" >&2\n    exit 1\nfi\n# This output is used by Xcode 'outputs' to avoid re-running this script phase.\necho \"SUCCESS\" > \"${SCRIPT_OUTPUT_FILE_0}\"\n";
			showEnvVarsInLog = 0;
		};
		DCE1D0A57A7CA2A3F65B2D32 /* [CP] Embed Pods Frameworks */ = {
			isa = PBXShellScriptBuildPhase;
			buildActionMask = 2147483647;
			files = (
			);
			inputFileListPaths = (
				"${PODS_ROOT}/Target Support Files/Pods-Projet test/Pods-Projet test-frameworks-${CONFIGURATION}-input-files.xcfilelist",
			);
			name = "[CP] Embed Pods Frameworks";
			outputFileListPaths = (
				"${PODS_ROOT}/Target Support Files/Pods-Projet test/Pods-Projet test-frameworks-${CONFIGURATION}-output-files.xcfilelist",
			);
			runOnlyForDeploymentPostprocessing = 0;
			shellPath = /bin/sh;
			shellScript = "\"${PODS_ROOT}/Target Support Files/Pods-Projet test/Pods-Projet test-frameworks.sh\"\n";
			showEnvVarsInLog = 0;
		};
/* End PBXShellScriptBuildPhase section */

/* Begin PBXSourcesBuildPhase section */
		37AC147727EDAEF600456767 /* Sources */ = {
			isa = PBXSourcesBuildPhase;
			buildActionMask = 2147483647;
			files = (
				37AC147E27EDAEF600456767 /* Projet_testTests.swift in Sources */,
			);
			runOnlyForDeploymentPostprocessing = 0;
		};
		37E8A2BF27ED023F00EA7032 /* Sources */ = {
			isa = PBXSourcesBuildPhase;
			buildActionMask = 2147483647;
			files = (
				37E8A2EC27ED061900EA7032 /* ListViewModel.swift in Sources */,
				37E8A2CB27ED023F00EA7032 /* DetailViewController.swift in Sources */,
				37AC148D27F0BAEC00456767 /* Coordinator.swift in Sources */,
				37E8A2E527ED03B500EA7032 /* APICalls.swift in Sources */,
				37E8A2C727ED023F00EA7032 /* AppDelegate.swift in Sources */,
				37E8A2DF27ED035700EA7032 /* URLSession+GenericCall.swift in Sources */,
				37E8A2E327ED039E00EA7032 /* URLEncodable.swift in Sources */,
				37E8A2C927ED023F00EA7032 /* SceneDelegate.swift in Sources */,
				37E8A2E727ED03FD00EA7032 /* CitiesData.swift in Sources */,
				37E8A2E927ED056800EA7032 /* TableViewController.swift in Sources */,
				37AC147627EDA7A200456767 /* Box.swift in Sources */,
				37AC147427EDA78B00456767 /* DetailViewModel.swift in Sources */,
				37AC14BE27F4B6CA00456767 /* AlertController.swift in Sources */,
				37E8A2E127ED037B00EA7032 /* NetworkError.swift in Sources */,
				37AC149227F0BCF100456767 /* MainCoordinator.swift in Sources */,
				37AC149027F0BBA700456767 /* Storyboarded.swift in Sources */,
			);
			runOnlyForDeploymentPostprocessing = 0;
		};
/* End PBXSourcesBuildPhase section */

/* Begin PBXTargetDependency section */
		37AC148027EDAEF600456767 /* PBXTargetDependency */ = {
			isa = PBXTargetDependency;
			target = 37E8A2C227ED023F00EA7032 /* Projet test */;
			targetProxy = 37AC147F27EDAEF600456767 /* PBXContainerItemProxy */;
		};
/* End PBXTargetDependency section */

/* Begin PBXVariantGroup section */
		37E8A2CC27ED023F00EA7032 /* Main.storyboard */ = {
			isa = PBXVariantGroup;
			children = (
				37E8A2CD27ED023F00EA7032 /* Base */,
			);
			name = Main.storyboard;
			sourceTree = "<group>";
		};
		37E8A2D127ED024200EA7032 /* LaunchScreen.storyboard */ = {
			isa = PBXVariantGroup;
			children = (
				37E8A2D227ED024200EA7032 /* Base */,
			);
			name = LaunchScreen.storyboard;
			sourceTree = "<group>";
		};
/* End PBXVariantGroup section */

/* Begin XCBuildConfiguration section */
		37AC148127EDAEF600456767 /* Debug */ = {
			isa = XCBuildConfiguration;
			baseConfigurationReference = 6FA13B7A57AD19718366A60A /* Pods-Projet testTests.debug.xcconfig */;
			buildSettings = {
				BUNDLE_LOADER = "$(TEST_HOST)";
				CODE_SIGN_STYLE = Automatic;
				CURRENT_PROJECT_VERSION = 1;
				DEVELOPMENT_TEAM = W9F4H6Q36H;
				GENERATE_INFOPLIST_FILE = YES;
				IPHONEOS_DEPLOYMENT_TARGET = 15.4;
				MARKETING_VERSION = 1.0;
				PRODUCT_BUNDLE_IDENTIFIER = "com.julieDaubercies.Projet-testTests";
				PRODUCT_NAME = "$(TARGET_NAME)";
				SWIFT_EMIT_LOC_STRINGS = NO;
				SWIFT_VERSION = 5.0;
				TARGETED_DEVICE_FAMILY = "1,2";
				TEST_HOST = "$(BUILT_PRODUCTS_DIR)/Projet test.app/Projet test";
			};
			name = Debug;
		};
		37AC148227EDAEF600456767 /* Release */ = {
			isa = XCBuildConfiguration;
			baseConfigurationReference = 1C3749AEF7E01AD04B05ECBC /* Pods-Projet testTests.release.xcconfig */;
			buildSettings = {
				BUNDLE_LOADER = "$(TEST_HOST)";
				CODE_SIGN_STYLE = Automatic;
				CURRENT_PROJECT_VERSION = 1;
				DEVELOPMENT_TEAM = W9F4H6Q36H;
				GENERATE_INFOPLIST_FILE = YES;
				IPHONEOS_DEPLOYMENT_TARGET = 15.4;
				MARKETING_VERSION = 1.0;
				PRODUCT_BUNDLE_IDENTIFIER = "com.julieDaubercies.Projet-testTests";
				PRODUCT_NAME = "$(TARGET_NAME)";
				SWIFT_EMIT_LOC_STRINGS = NO;
				SWIFT_VERSION = 5.0;
				TARGETED_DEVICE_FAMILY = "1,2";
				TEST_HOST = "$(BUILT_PRODUCTS_DIR)/Projet test.app/Projet test";
			};
			name = Release;
		};
		37E8A2D527ED024200EA7032 /* Debug */ = {
			isa = XCBuildConfiguration;
			buildSettings = {
				ALWAYS_SEARCH_USER_PATHS = NO;
				CLANG_ANALYZER_NONNULL = YES;
				CLANG_ANALYZER_NUMBER_OBJECT_CONVERSION = YES_AGGRESSIVE;
				CLANG_CXX_LANGUAGE_STANDARD = "gnu++17";
				CLANG_ENABLE_MODULES = YES;
				CLANG_ENABLE_OBJC_ARC = YES;
				CLANG_ENABLE_OBJC_WEAK = YES;
				CLANG_WARN_BLOCK_CAPTURE_AUTORELEASING = YES;
				CLANG_WARN_BOOL_CONVERSION = YES;
				CLANG_WARN_COMMA = YES;
				CLANG_WARN_CONSTANT_CONVERSION = YES;
				CLANG_WARN_DEPRECATED_OBJC_IMPLEMENTATIONS = YES;
				CLANG_WARN_DIRECT_OBJC_ISA_USAGE = YES_ERROR;
				CLANG_WARN_DOCUMENTATION_COMMENTS = YES;
				CLANG_WARN_EMPTY_BODY = YES;
				CLANG_WARN_ENUM_CONVERSION = YES;
				CLANG_WARN_INFINITE_RECURSION = YES;
				CLANG_WARN_INT_CONVERSION = YES;
				CLANG_WARN_NON_LITERAL_NULL_CONVERSION = YES;
				CLANG_WARN_OBJC_IMPLICIT_RETAIN_SELF = YES;
				CLANG_WARN_OBJC_LITERAL_CONVERSION = YES;
				CLANG_WARN_OBJC_ROOT_CLASS = YES_ERROR;
				CLANG_WARN_QUOTED_INCLUDE_IN_FRAMEWORK_HEADER = YES;
				CLANG_WARN_RANGE_LOOP_ANALYSIS = YES;
				CLANG_WARN_STRICT_PROTOTYPES = YES;
				CLANG_WARN_SUSPICIOUS_MOVE = YES;
				CLANG_WARN_UNGUARDED_AVAILABILITY = YES_AGGRESSIVE;
				CLANG_WARN_UNREACHABLE_CODE = YES;
				CLANG_WARN__DUPLICATE_METHOD_MATCH = YES;
				COPY_PHASE_STRIP = NO;
				DEBUG_INFORMATION_FORMAT = dwarf;
				ENABLE_STRICT_OBJC_MSGSEND = YES;
				ENABLE_TESTABILITY = YES;
				GCC_C_LANGUAGE_STANDARD = gnu11;
				GCC_DYNAMIC_NO_PIC = NO;
				GCC_NO_COMMON_BLOCKS = YES;
				GCC_OPTIMIZATION_LEVEL = 0;
				GCC_PREPROCESSOR_DEFINITIONS = (
					"DEBUG=1",
					"$(inherited)",
				);
				GCC_WARN_64_TO_32_BIT_CONVERSION = YES;
				GCC_WARN_ABOUT_RETURN_TYPE = YES_ERROR;
				GCC_WARN_UNDECLARED_SELECTOR = YES;
				GCC_WARN_UNINITIALIZED_AUTOS = YES_AGGRESSIVE;
				GCC_WARN_UNUSED_FUNCTION = YES;
				GCC_WARN_UNUSED_VARIABLE = YES;
				IPHONEOS_DEPLOYMENT_TARGET = 13.0;
				MTL_ENABLE_DEBUG_INFO = INCLUDE_SOURCE;
				MTL_FAST_MATH = YES;
				ONLY_ACTIVE_ARCH = YES;
				SDKROOT = iphoneos;
				SWIFT_ACTIVE_COMPILATION_CONDITIONS = DEBUG;
				SWIFT_OPTIMIZATION_LEVEL = "-Onone";
			};
			name = Debug;
		};
		37E8A2D627ED024200EA7032 /* Release */ = {
			isa = XCBuildConfiguration;
			buildSettings = {
				ALWAYS_SEARCH_USER_PATHS = NO;
				CLANG_ANALYZER_NONNULL = YES;
				CLANG_ANALYZER_NUMBER_OBJECT_CONVERSION = YES_AGGRESSIVE;
				CLANG_CXX_LANGUAGE_STANDARD = "gnu++17";
				CLANG_ENABLE_MODULES = YES;
				CLANG_ENABLE_OBJC_ARC = YES;
				CLANG_ENABLE_OBJC_WEAK = YES;
				CLANG_WARN_BLOCK_CAPTURE_AUTORELEASING = YES;
				CLANG_WARN_BOOL_CONVERSION = YES;
				CLANG_WARN_COMMA = YES;
				CLANG_WARN_CONSTANT_CONVERSION = YES;
				CLANG_WARN_DEPRECATED_OBJC_IMPLEMENTATIONS = YES;
				CLANG_WARN_DIRECT_OBJC_ISA_USAGE = YES_ERROR;
				CLANG_WARN_DOCUMENTATION_COMMENTS = YES;
				CLANG_WARN_EMPTY_BODY = YES;
				CLANG_WARN_ENUM_CONVERSION = YES;
				CLANG_WARN_INFINITE_RECURSION = YES;
				CLANG_WARN_INT_CONVERSION = YES;
				CLANG_WARN_NON_LITERAL_NULL_CONVERSION = YES;
				CLANG_WARN_OBJC_IMPLICIT_RETAIN_SELF = YES;
				CLANG_WARN_OBJC_LITERAL_CONVERSION = YES;
				CLANG_WARN_OBJC_ROOT_CLASS = YES_ERROR;
				CLANG_WARN_QUOTED_INCLUDE_IN_FRAMEWORK_HEADER = YES;
				CLANG_WARN_RANGE_LOOP_ANALYSIS = YES;
				CLANG_WARN_STRICT_PROTOTYPES = YES;
				CLANG_WARN_SUSPICIOUS_MOVE = YES;
				CLANG_WARN_UNGUARDED_AVAILABILITY = YES_AGGRESSIVE;
				CLANG_WARN_UNREACHABLE_CODE = YES;
				CLANG_WARN__DUPLICATE_METHOD_MATCH = YES;
				COPY_PHASE_STRIP = NO;
				DEBUG_INFORMATION_FORMAT = "dwarf-with-dsym";
				ENABLE_NS_ASSERTIONS = NO;
				ENABLE_STRICT_OBJC_MSGSEND = YES;
				GCC_C_LANGUAGE_STANDARD = gnu11;
				GCC_NO_COMMON_BLOCKS = YES;
				GCC_WARN_64_TO_32_BIT_CONVERSION = YES;
				GCC_WARN_ABOUT_RETURN_TYPE = YES_ERROR;
				GCC_WARN_UNDECLARED_SELECTOR = YES;
				GCC_WARN_UNINITIALIZED_AUTOS = YES_AGGRESSIVE;
				GCC_WARN_UNUSED_FUNCTION = YES;
				GCC_WARN_UNUSED_VARIABLE = YES;
				IPHONEOS_DEPLOYMENT_TARGET = 13.0;
				MTL_ENABLE_DEBUG_INFO = NO;
				MTL_FAST_MATH = YES;
				SDKROOT = iphoneos;
				SWIFT_COMPILATION_MODE = wholemodule;
				SWIFT_OPTIMIZATION_LEVEL = "-O";
				VALIDATE_PRODUCT = YES;
			};
			name = Release;
		};
		37E8A2D827ED024200EA7032 /* Debug */ = {
			isa = XCBuildConfiguration;
			baseConfigurationReference = 190EAB4E6D1757E927B361EF /* Pods-Projet test.debug.xcconfig */;
			buildSettings = {
				ASSETCATALOG_COMPILER_APPICON_NAME = AppIcon;
				ASSETCATALOG_COMPILER_GLOBAL_ACCENT_COLOR_NAME = AccentColor;
				CODE_SIGN_STYLE = Automatic;
				CURRENT_PROJECT_VERSION = 1;
				DEVELOPMENT_TEAM = W9F4H6Q36H;
				GENERATE_INFOPLIST_FILE = YES;
				INFOPLIST_FILE = "Projet test/Info.plist";
				INFOPLIST_KEY_UIApplicationSupportsIndirectInputEvents = YES;
				INFOPLIST_KEY_UILaunchStoryboardName = LaunchScreen;
				INFOPLIST_KEY_UISupportedInterfaceOrientations_iPad = "UIInterfaceOrientationPortrait UIInterfaceOrientationPortraitUpsideDown UIInterfaceOrientationLandscapeLeft UIInterfaceOrientationLandscapeRight";
				INFOPLIST_KEY_UISupportedInterfaceOrientations_iPhone = "UIInterfaceOrientationPortrait UIInterfaceOrientationLandscapeLeft UIInterfaceOrientationLandscapeRight";
				LD_RUNPATH_SEARCH_PATHS = (
					"$(inherited)",
					"@executable_path/Frameworks",
				);
				MARKETING_VERSION = 1.0;
				PRODUCT_BUNDLE_IDENTIFIER = "com.julieDaubercies.Projet-test";
				PRODUCT_NAME = "$(TARGET_NAME)";
				SWIFT_EMIT_LOC_STRINGS = YES;
				SWIFT_VERSION = 5.0;
				TARGETED_DEVICE_FAMILY = "1,2";
			};
			name = Debug;
		};
		37E8A2D927ED024200EA7032 /* Release */ = {
			isa = XCBuildConfiguration;
			baseConfigurationReference = A8A282237A844BA26EECFEFD /* Pods-Projet test.release.xcconfig */;
			buildSettings = {
				ASSETCATALOG_COMPILER_APPICON_NAME = AppIcon;
				ASSETCATALOG_COMPILER_GLOBAL_ACCENT_COLOR_NAME = AccentColor;
				CODE_SIGN_STYLE = Automatic;
				CURRENT_PROJECT_VERSION = 1;
				DEVELOPMENT_TEAM = W9F4H6Q36H;
				GENERATE_INFOPLIST_FILE = YES;
				INFOPLIST_FILE = "Projet test/Info.plist";
				INFOPLIST_KEY_UIApplicationSupportsIndirectInputEvents = YES;
				INFOPLIST_KEY_UILaunchStoryboardName = LaunchScreen;
				INFOPLIST_KEY_UISupportedInterfaceOrientations_iPad = "UIInterfaceOrientationPortrait UIInterfaceOrientationPortraitUpsideDown UIInterfaceOrientationLandscapeLeft UIInterfaceOrientationLandscapeRight";
				INFOPLIST_KEY_UISupportedInterfaceOrientations_iPhone = "UIInterfaceOrientationPortrait UIInterfaceOrientationLandscapeLeft UIInterfaceOrientationLandscapeRight";
				LD_RUNPATH_SEARCH_PATHS = (
					"$(inherited)",
					"@executable_path/Frameworks",
				);
				MARKETING_VERSION = 1.0;
				PRODUCT_BUNDLE_IDENTIFIER = "com.julieDaubercies.Projet-test";
				PRODUCT_NAME = "$(TARGET_NAME)";
				SWIFT_EMIT_LOC_STRINGS = YES;
				SWIFT_VERSION = 5.0;
				TARGETED_DEVICE_FAMILY = "1,2";
			};
			name = Release;
		};
/* End XCBuildConfiguration section */

/* Begin XCConfigurationList section */
		37AC148327EDAEF600456767 /* Build configuration list for PBXNativeTarget "Projet testTests" */ = {
			isa = XCConfigurationList;
			buildConfigurations = (
				37AC148127EDAEF600456767 /* Debug */,
				37AC148227EDAEF600456767 /* Release */,
			);
			defaultConfigurationIsVisible = 0;
			defaultConfigurationName = Release;
		};
		37E8A2BE27ED023F00EA7032 /* Build configuration list for PBXProject "Projet test" */ = {
			isa = XCConfigurationList;
			buildConfigurations = (
				37E8A2D527ED024200EA7032 /* Debug */,
				37E8A2D627ED024200EA7032 /* Release */,
			);
			defaultConfigurationIsVisible = 0;
			defaultConfigurationName = Release;
		};
		37E8A2D727ED024200EA7032 /* Build configuration list for PBXNativeTarget "Projet test" */ = {
			isa = XCConfigurationList;
			buildConfigurations = (
				37E8A2D827ED024200EA7032 /* Debug */,
				37E8A2D927ED024200EA7032 /* Release */,
			);
			defaultConfigurationIsVisible = 0;
			defaultConfigurationName = Release;
		};
/* End XCConfigurationList section */
	};
	rootObject = 37E8A2BB27ED023F00EA7032 /* Project object */;
}
